# This file is automatically @generated by Cargo.
# It is not intended for manual editing.
[[package]]
name = "adler"
version = "1.0.2"
source = "registry+https://github.com/rust-lang/crates.io-index"
checksum = "f26201604c87b1e01bd3d98f8d5d9a8fcbb815e8cedb41ffccbeb4bf593a35fe"

[[package]]
name = "appendix"
version = "0.1.0"
dependencies = [
 "lib",
]

[[package]]
name = "autocfg"
version = "1.0.1"
source = "registry+https://github.com/rust-lang/crates.io-index"
checksum = "cdb031dd78e28731d87d56cc8ffef4a8f36ca26c38fe2de700543e627f8a464a"

[[package]]
name = "cfg-if"
version = "1.0.0"
source = "registry+https://github.com/rust-lang/crates.io-index"
checksum = "baf1de4339761588bc0619e3cbc0120ee582ebb74b53b4efbf79117bd2da40fd"

[[package]]
name = "chapter1"
version = "0.1.0"
dependencies = [
 "lib",
]

[[package]]
name = "chapter10"
version = "0.1.0"
dependencies = [
 "lib",
]

[[package]]
name = "chapter11"
version = "0.1.0"
dependencies = [
 "lib",
]

[[package]]
name = "chapter12"
version = "0.1.0"
dependencies = [
 "lib",
]

[[package]]
name = "chapter13"
version = "0.1.0"
dependencies = [
 "lib",
]

[[package]]
name = "chapter14"
version = "0.1.0"
dependencies = [
 "lib",
]

[[package]]
name = "chapter15"
version = "0.1.0"
dependencies = [
 "lib",
]

[[package]]
name = "chapter16"
version = "0.1.0"
dependencies = [
 "lib",
]

[[package]]
name = "chapter17"
version = "0.1.0"
dependencies = [
 "lib",
]

[[package]]
name = "chapter2"
version = "0.1.0"
dependencies = [
 "flate2",
 "lib",
]

[[package]]
name = "chapter3"
version = "0.1.0"
dependencies = [
 "lib",
]

[[package]]
name = "chapter4"
version = "0.1.0"

[[package]]
name = "chapter5"
version = "0.1.0"
dependencies = [
 "lib",
]

[[package]]
name = "chapter6"
version = "0.1.0"
dependencies = [
 "lib",
]

[[package]]
name = "chapter7"
version = "0.1.0"
dependencies = [
 "lib",
]

[[package]]
name = "chapter8"
version = "0.1.0"
dependencies = [
 "lib",
]

[[package]]
name = "chapter9"
version = "0.1.0"
dependencies = [
 "lib",
]

[[package]]
name = "crc32fast"
version = "1.2.1"
source = "registry+https://github.com/rust-lang/crates.io-index"
checksum = "81156fece84ab6a9f2afdb109ce3ae577e42b1228441eded99bd77f627953b1a"
dependencies = [
 "cfg-if",
]

[[package]]
name = "flate2"
version = "1.0.20"
source = "registry+https://github.com/rust-lang/crates.io-index"
checksum = "cd3aec53de10fe96d7d8c565eb17f2c687bb5518a2ec453b5b1252964526abe0"
dependencies = [
 "cfg-if",
 "crc32fast",
 "libc",
 "miniz_oxide",
]

[[package]]
name = "lib"
version = "0.1.0"

[[package]]
name = "libc"
version = "0.2.94"
source = "registry+https://github.com/rust-lang/crates.io-index"
checksum = "18794a8ad5b29321f790b55d93dfba91e125cb1a9edbd4f8e3150acc771c1a5e"

[[package]]
name = "miniz_oxide"
version = "0.4.4"
source = "registry+https://github.com/rust-lang/crates.io-index"
checksum = "a92518e98c078586bc6c934028adcca4c92a53d6a958196de835170a01d84e4b"
dependencies = [
 "adler",
 "autocfg",
]
