# This file is automatically @generated by Cargo.
# It is not intended for manual editing.
[[package]]
name = "anyhow"
version = "1.0.40"
source = "registry+https://github.com/rust-lang/crates.io-index"
checksum = "28b2cd92db5cbd74e8e5028f7e27dd7aa3090e89e4f2a197cc7c8dfb69c7063b"

[[package]]
name = "appendix"
version = "0.1.0"
dependencies = [
 "lib",
]

[[package]]
name = "chapter1"
version = "0.1.0"
dependencies = [
 "lib",
]

[[package]]
name = "chapter10"
version = "0.1.0"
dependencies = [
 "lib",
]

[[package]]
name = "chapter11"
version = "0.1.0"
dependencies = [
 "lib",
]

[[package]]
name = "chapter12"
version = "0.1.0"
dependencies = [
 "lib",
]

[[package]]
name = "chapter13"
version = "0.1.0"
dependencies = [
 "lib",
]

[[package]]
name = "chapter14"
version = "0.1.0"
dependencies = [
 "lib",
]

[[package]]
name = "chapter15"
version = "0.1.0"
dependencies = [
 "lib",
]

[[package]]
name = "chapter16"
version = "0.1.0"
dependencies = [
 "lib",
]

[[package]]
name = "chapter17"
version = "0.1.0"
dependencies = [
 "lib",
]

[[package]]
name = "chapter2"
version = "0.1.0"
dependencies = [
 "lib",
]

[[package]]
name = "chapter3"
version = "0.1.0"
dependencies = [
 "anyhow",
 "httparse",
 "lib",
]

[[package]]
name = "chapter4"
version = "0.1.0"

[[package]]
name = "chapter5"
version = "0.1.0"
dependencies = [
 "lib",
]

[[package]]
name = "chapter6"
version = "0.1.0"
dependencies = [
 "lib",
]

[[package]]
name = "chapter7"
version = "0.1.0"
dependencies = [
 "lib",
]

[[package]]
name = "chapter8"
version = "0.1.0"
dependencies = [
 "lib",
]

[[package]]
name = "chapter9"
version = "0.1.0"
dependencies = [
 "lib",
]

[[package]]
name = "httparse"
version = "1.4.0"
source = "registry+https://github.com/rust-lang/crates.io-index"
checksum = "4a1ce40d6fc9764887c2fdc7305c3dcc429ba11ff981c1509416afd5697e4437"

[[package]]
name = "lib"
version = "0.1.0"
