# This file is automatically @generated by Cargo.
# It is not intended for manual editing.
[[package]]
name = "appendix"
version = "0.1.0"

[[package]]
name = "chapter1"
version = "0.1.0"

[[package]]
name = "chapter10"
version = "0.1.0"

[[package]]
name = "chapter11"
version = "0.1.0"

[[package]]
name = "chapter12"
version = "0.1.0"

[[package]]
name = "chapter13"
version = "0.1.0"

[[package]]
name = "chapter14"
version = "0.1.0"

[[package]]
name = "chapter15"
version = "0.1.0"

[[package]]
name = "chapter16"
version = "0.1.0"

[[package]]
name = "chapter17"
version = "0.1.0"

[[package]]
name = "chapter2"
version = "0.1.0"

[[package]]
name = "chapter3"
version = "0.1.0"

[[package]]
name = "chapter4"
version = "0.1.0"

[[package]]
name = "chapter5"
version = "0.1.0"

[[package]]
name = "chapter6"
version = "0.1.0"

[[package]]
name = "chapter7"
version = "0.1.0"

[[package]]
name = "chapter8"
version = "0.1.0"

[[package]]
name = "chapter9"
version = "0.1.0"

[[package]]
name = "lib"
version = "0.1.0"
